<?xml version="1.0" encoding="utf-8"?>
<Project ToolsVersion="4.0" xmlns="http://schemas.microsoft.com/developer/msbuild/2003">
  <ItemGroup>
    <Filter Include="ソース ファイル">
      <UniqueIdentifier>{4FC737F1-C7A5-4376-A066-2A32D752A2FF}</UniqueIdentifier>
      <Extensions>cpp;c;cc;cxx;c++;cppm;ixx;def;odl;idl;hpj;bat;asm;asmx</Extensions>
    </Filter>
    <Filter Include="ヘッダー ファイル">
      <UniqueIdentifier>{93995380-89BD-4b04-88EB-625FBE52EBFB}</UniqueIdentifier>
      <Extensions>h;hh;hpp;hxx;h++;hm;inl;inc;ipp;xsd</Extensions>
    </Filter>
    <Filter Include="リソース ファイル">
      <UniqueIdentifier>{67DA6AB6-F800-4c08-8B7A-83BB121AAD01}</UniqueIdentifier>
      <Extensions>rc;ico;cur;bmp;dlg;rc2;rct;bin;rgs;gif;jpg;jpeg;jpe;resx;tiff;tif;png;wav;mfcribbon-ms</Extensions>
    </Filter>
    <Filter Include="Scene">
      <UniqueIdentifier>{9bdabbde-5d1a-4352-af41-22d42fa3fa6a}</UniqueIdentifier>
    </Filter>
    <Filter Include="Scene\GameScene">
      <UniqueIdentifier>{db5a2186-fa07-429f-9c95-7e420a69d02b}</UniqueIdentifier>
    </Filter>
    <Filter Include="Managers">
      <UniqueIdentifier>{9302c9a7-66fe-44e9-a284-c96e5f371ae2}</UniqueIdentifier>
    </Filter>
    <Filter Include="Managers\ModelManager">
      <UniqueIdentifier>{441f4dc5-cb99-4e79-ad2d-c41e59b4a24c}</UniqueIdentifier>
    </Filter>
    <Filter Include="Managers\TextureManager">
      <UniqueIdentifier>{f6206ad7-50ef-4fbc-a72f-ad08f68f0ed3}</UniqueIdentifier>
    </Filter>
    <Filter Include="Managers\SoundManager">
      <UniqueIdentifier>{f4cd9e91-c44f-41f4-997d-2287b1ea4666}</UniqueIdentifier>
    </Filter>
    <Filter Include="Managers\InputManager">
      <UniqueIdentifier>{28d8bb8c-f15a-45b7-a0f4-1c89c988f4e7}</UniqueIdentifier>
    </Filter>
    <Filter Include="Engine">
      <UniqueIdentifier>{3b419ee5-1669-4ef5-82b9-4defc02090c0}</UniqueIdentifier>
    </Filter>
    <Filter Include="Environment">
      <UniqueIdentifier>{287b7e76-d3a6-4ddf-81c9-40565c22e8f9}</UniqueIdentifier>
    </Filter>
    <Filter Include="Managers\SceneManager">
      <UniqueIdentifier>{f596d607-ccd7-4ba3-a1df-8d004b70fda5}</UniqueIdentifier>
    </Filter>
    <Filter Include="Engine\Math">
      <UniqueIdentifier>{b4866934-20bb-404d-880d-d14975207f59}</UniqueIdentifier>
    </Filter>
    <Filter Include="Engine\Math\Vertex">
      <UniqueIdentifier>{13ff5b98-560e-49fd-b9a4-0252d0135038}</UniqueIdentifier>
    </Filter>
    <Filter Include="Engine\Math\Vector">
      <UniqueIdentifier>{f457cc85-e7ad-4fa8-9408-e84971d73868}</UniqueIdentifier>
    </Filter>
    <Filter Include="Engine\Math\Matrix">
      <UniqueIdentifier>{ae6f87a4-bb47-40a2-a6dd-e61a03d3118f}</UniqueIdentifier>
    </Filter>
    <Filter Include="Engine\Math\Transform">
      <UniqueIdentifier>{af90178b-6b0e-48e5-aabd-12c20463cff6}</UniqueIdentifier>
    </Filter>
    <Filter Include="Engine\Renderer">
      <UniqueIdentifier>{02656ce8-d9ac-445c-b22d-7d95ba6f9511}</UniqueIdentifier>
    </Filter>
    <Filter Include="Engine\SystemFile">
      <UniqueIdentifier>{2604d2df-53e7-4be7-8d5c-86ef2a39a0f2}</UniqueIdentifier>
    </Filter>
    <Filter Include="Engine\Renderer\ModelData">
      <UniqueIdentifier>{bcdd4363-c5a0-4f8a-ba8a-2a889a7cc3d1}</UniqueIdentifier>
    </Filter>
    <Filter Include="Engine\Renderer\Material">
      <UniqueIdentifier>{11d1524a-bd52-4efb-b175-13c2c83cd246}</UniqueIdentifier>
    </Filter>
    <Filter Include="Engine\SystemFile\imgui">
      <UniqueIdentifier>{88847a18-f60d-4774-a014-42b6fbca9de0}</UniqueIdentifier>
    </Filter>
    <Filter Include="Engine\SystemFile\imgui\ImGuiLibrary">
      <UniqueIdentifier>{58b25aba-c5fb-4a4c-9377-9f8c3a31634c}</UniqueIdentifier>
    </Filter>
    <Filter Include="Engine\SystemFile\GameSystem">
      <UniqueIdentifier>{b04344e2-3355-43ce-b3b7-85d81f384337}</UniqueIdentifier>
    </Filter>
    <Filter Include="Engine\SystemFile\Convert">
      <UniqueIdentifier>{5720a672-7eae-4ac4-9b2f-88aac487d845}</UniqueIdentifier>
    </Filter>
    <Filter Include="Engine\Renderer\Camera">
      <UniqueIdentifier>{9580d45d-9102-407b-82ae-83e1d8780761}</UniqueIdentifier>
    </Filter>
    <Filter Include="Engine\Math\Random">
      <UniqueIdentifier>{927df35e-b544-4329-91ac-b7b3e12297d0}</UniqueIdentifier>
    </Filter>
    <Filter Include="Engine\Math\Easing">
      <UniqueIdentifier>{9ecab8b1-0c03-498d-86e3-69de0ab6959b}</UniqueIdentifier>
    </Filter>
    <Filter Include="Engine\SystemFile\DeltaTime">
      <UniqueIdentifier>{83201067-ab5b-4c56-a3c2-5ec679544482}</UniqueIdentifier>
    </Filter>
    <Filter Include="Engine\Math\Beats">
      <UniqueIdentifier>{77379ffb-6fe8-432b-b65e-5ee57bc407a6}</UniqueIdentifier>
    </Filter>
    <Filter Include="Engine\Math\Collision">
      <UniqueIdentifier>{1dfd031b-db0d-47ab-8a1a-d1ee4eb473be}</UniqueIdentifier>
    </Filter>
    <Filter Include="Engine\Math\Shape">
      <UniqueIdentifier>{3cd1682a-debb-4790-b96d-316406bf45af}</UniqueIdentifier>
    </Filter>
    <Filter Include="Engine\SystemFile\GlobalVariables">
      <UniqueIdentifier>{7dbc8a98-498e-4fff-abd2-05e597946a6d}</UniqueIdentifier>
    </Filter>
    <Filter Include="Engine\SystemFile\Debug">
      <UniqueIdentifier>{4b1105c9-fff6-4a45-9f33-cfcb6e3cf94f}</UniqueIdentifier>
    </Filter>
    <Filter Include="Scene\TitleScene">
      <UniqueIdentifier>{b5ab3c07-8cbf-405a-b63f-1a53b445a335}</UniqueIdentifier>
    </Filter>
    <Filter Include="Engine\Math\TimedCall">
      <UniqueIdentifier>{75576351-e183-47e7-863c-652a1c589cbe}</UniqueIdentifier>
    </Filter>
    <Filter Include="Engine\Math\Collider">
      <UniqueIdentifier>{be77444e-ee0c-475a-bc70-caa48e1842f3}</UniqueIdentifier>
    </Filter>
    <Filter Include="Managers\CollisionManager">
      <UniqueIdentifier>{75e4a3fa-ae68-4f4e-b8c3-7ab462d16ebc}</UniqueIdentifier>
    </Filter>
    <Filter Include="ソース ファイル\Skydome">
      <UniqueIdentifier>{3c17d3d0-3b88-4e69-adb3-22aedd773e33}</UniqueIdentifier>
    </Filter>
    <Filter Include="hlsl">
      <UniqueIdentifier>{6c70db76-b338-4b22-88ad-361c35de6470}</UniqueIdentifier>
    </Filter>
    <Filter Include="Engine\Renderer\Particle">
      <UniqueIdentifier>{cb2c7216-95eb-42cd-8898-05b54298f1e3}</UniqueIdentifier>
    </Filter>
    <Filter Include="Engine\Math\Field">
      <UniqueIdentifier>{e0fba0d1-5cc0-434f-85c4-d737df69996d}</UniqueIdentifier>
    </Filter>
    <Filter Include="Managers\ParticleManager">
      <UniqueIdentifier>{a06c30e7-b7f3-4e8e-ac8c-7ec275ad17f5}</UniqueIdentifier>
    </Filter>
    <Filter Include="Engine\Renderer\Light">
      <UniqueIdentifier>{a4f75728-b1bb-468f-8448-d17a630b8adb}</UniqueIdentifier>
    </Filter>
    <Filter Include="Engine\Renderer\Light\DirectionalLight">
      <UniqueIdentifier>{6edd4377-3868-4a94-a6a6-8568a1bb10e9}</UniqueIdentifier>
    </Filter>
    <Filter Include="Engine\Renderer\Light\PointLight">
      <UniqueIdentifier>{3e441222-b7cb-48f9-8104-cdb93ac20833}</UniqueIdentifier>
    </Filter>
    <Filter Include="Engine\Renderer\Light\SpotLight">
      <UniqueIdentifier>{d218a73c-58d0-4fce-915e-7c0803ec2717}</UniqueIdentifier>
    </Filter>
    <Filter Include="Managers\LightManager">
      <UniqueIdentifier>{fec221c6-34a5-4b71-bc71-5781863f3d7f}</UniqueIdentifier>
    </Filter>
    <Filter Include="ソース ファイル\Player">
      <UniqueIdentifier>{37ad8884-6e01-4c76-a20f-a98864940bff}</UniqueIdentifier>
    </Filter>
    <Filter Include="ソース ファイル\Ground">
      <UniqueIdentifier>{b52ee5ee-5eac-4b95-959b-5d6437fc92b1}</UniqueIdentifier>
    </Filter>
    <Filter Include="ソース ファイル\FollowedCamera">
      <UniqueIdentifier>{09a49022-7b0f-4017-a74e-81b7fe060f7c}</UniqueIdentifier>
    </Filter>
    <Filter Include="ソース ファイル\BaseCharacter">
      <UniqueIdentifier>{4dc6e54b-ebdc-435a-8203-d88a8c0990ea}</UniqueIdentifier>
    </Filter>
    <Filter Include="ソース ファイル\Enemy">
      <UniqueIdentifier>{0fb61ff8-d723-4ce2-8e90-ea558a44f06d}</UniqueIdentifier>
    </Filter>
    <Filter Include="ソース ファイル\LockOn">
      <UniqueIdentifier>{7a429119-b5d7-43bc-948a-1fa71ae8f423}</UniqueIdentifier>
    </Filter>
    <Filter Include="ソース ファイル\HammerOfJustice">
      <UniqueIdentifier>{c5920e65-1b44-4660-a56d-5cd1ae9c151d}</UniqueIdentifier>
    </Filter>
    <Filter Include="ソース ファイル\ContactRecord">
      <UniqueIdentifier>{206fc2d1-1100-47c3-9446-75d9f020f81f}</UniqueIdentifier>
    </Filter>
  </ItemGroup>
  <ItemGroup>
    <Text Include=".editorconfig" />
    <Text Include="externals\imgui\LICENSE.txt">
      <Filter>Engine\SystemFile\imgui</Filter>
    </Text>
  </ItemGroup>
  <ItemGroup>
    <ClCompile Include="main.cpp">
      <Filter>ソース ファイル</Filter>
    </ClCompile>
    <ClCompile Include="externals\imgui\imgui.cpp">
      <Filter>Engine\SystemFile\imgui</Filter>
    </ClCompile>
    <ClCompile Include="externals\imgui\imgui_demo.cpp">
      <Filter>Engine\SystemFile\imgui</Filter>
    </ClCompile>
    <ClCompile Include="externals\imgui\imgui_draw.cpp">
      <Filter>Engine\SystemFile\imgui</Filter>
    </ClCompile>
    <ClCompile Include="externals\imgui\imgui_impl_dx12.cpp">
      <Filter>Engine\SystemFile\imgui</Filter>
    </ClCompile>
    <ClCompile Include="externals\imgui\imgui_impl_win32.cpp">
      <Filter>Engine\SystemFile\imgui</Filter>
    </ClCompile>
    <ClCompile Include="externals\imgui\imgui_tables.cpp">
      <Filter>Engine\SystemFile\imgui</Filter>
    </ClCompile>
    <ClCompile Include="externals\imgui\imgui_widgets.cpp">
      <Filter>Engine\SystemFile\imgui</Filter>
    </ClCompile>
    <ClCompile Include="Environment.cpp">
      <Filter>Environment</Filter>
    </ClCompile>
    <ClCompile Include="Engine\Math\Matrix4x4.cpp">
      <Filter>Engine\Math\Matrix</Filter>
    </ClCompile>
    <ClCompile Include="Engine\Math\Transform.cpp">
      <Filter>Engine\Math\Transform</Filter>
    </ClCompile>
    <ClCompile Include="Engine\Math\Vector2.cpp">
      <Filter>Engine\Math\Vector</Filter>
    </ClCompile>
    <ClCompile Include="Engine\Math\Vector3.cpp">
      <Filter>Engine\Math\Vector</Filter>
    </ClCompile>
    <ClCompile Include="Engine\Math\Vector4.cpp">
      <Filter>Engine\Math\Vector</Filter>
    </ClCompile>
    <ClCompile Include="Engine\Math\Vertex.cpp">
      <Filter>Engine\Math\Vertex</Filter>
    </ClCompile>
    <ClCompile Include="Engine\Renderer\Camera.cpp">
      <Filter>Engine\Renderer\Camera</Filter>
    </ClCompile>
    <ClCompile Include="Engine\Renderer\DirectionalLight.cpp">
      <Filter>Engine\Renderer\Light\DirectionalLight</Filter>
    </ClCompile>
    <ClCompile Include="Engine\Renderer\Renderer.cpp">
      <Filter>Engine\Renderer</Filter>
    </ClCompile>
    <ClCompile Include="Engine\Math\Math.cpp">
      <Filter>Engine\Math</Filter>
    </ClCompile>
    <ClCompile Include="Engine\SystemFile\Convert.cpp">
      <Filter>Engine\SystemFile\Convert</Filter>
    </ClCompile>
    <ClCompile Include="Engine\SystemFile\GameSystem.cpp">
      <Filter>Engine\SystemFile\GameSystem</Filter>
    </ClCompile>
    <ClCompile Include="Managers\InputManager.cpp">
      <Filter>Managers\InputManager</Filter>
    </ClCompile>
    <ClCompile Include="Managers\ModelManager.cpp">
      <Filter>Managers\ModelManager</Filter>
    </ClCompile>
    <ClCompile Include="Managers\SceneManager.cpp">
      <Filter>Managers\SceneManager</Filter>
    </ClCompile>
    <ClCompile Include="Managers\SoundManager.cpp">
      <Filter>Managers\SoundManager</Filter>
    </ClCompile>
    <ClCompile Include="Managers\TextureManager.cpp">
      <Filter>Managers\TextureManager</Filter>
    </ClCompile>
    <ClCompile Include="Scene\GameScene.cpp">
      <Filter>Scene\GameScene</Filter>
    </ClCompile>
    <ClCompile Include="Engine\Math\Random.cpp">
      <Filter>Engine\Math\Random</Filter>
    </ClCompile>
    <ClCompile Include="Engine\Math\Easing.cpp">
      <Filter>Engine\Math\Easing</Filter>
    </ClCompile>
    <ClCompile Include="Engine\SystemFile\DeltaTime.cpp">
      <Filter>Engine\SystemFile\DeltaTime</Filter>
    </ClCompile>
    <ClCompile Include="Engine\Math\Beats.cpp">
      <Filter>Engine\Math\Beats</Filter>
    </ClCompile>
    <ClCompile Include="Engine\Math\Collision.cpp">
      <Filter>Engine\Math\Collision</Filter>
    </ClCompile>
    <ClCompile Include="Engine\Math\Shape.cpp">
      <Filter>Engine\Math\Shape</Filter>
    </ClCompile>
    <ClCompile Include="Engine\SystemFile\GlobalVariables.cpp">
      <Filter>Engine\SystemFile\GlobalVariables</Filter>
    </ClCompile>
    <ClCompile Include="Engine\SystemFile\Debug.cpp">
      <Filter>Engine\SystemFile\Debug</Filter>
    </ClCompile>
    <ClCompile Include="Scene\TitleScene.cpp">
      <Filter>Scene\TitleScene</Filter>
    </ClCompile>
    <ClCompile Include="Engine\Math\TimedCall.cpp">
      <Filter>Engine\Math\TimedCall</Filter>
    </ClCompile>
    <ClCompile Include="Engine\Math\Collider.cpp">
      <Filter>Engine\Math\Collider</Filter>
    </ClCompile>
    <ClCompile Include="Managers\CollisionManager.cpp">
      <Filter>Managers\CollisionManager</Filter>
    </ClCompile>
    <ClCompile Include="Skydome.cpp">
      <Filter>ソース ファイル\Skydome</Filter>
    </ClCompile>
    <ClCompile Include="Engine\Renderer\Particles.cpp">
      <Filter>Engine\Renderer\Particle</Filter>
    </ClCompile>
    <ClCompile Include="Engine\Math\Field.cpp">
      <Filter>Engine\Math\Field</Filter>
    </ClCompile>
    <ClCompile Include="Managers\ParticleManager.cpp">
      <Filter>Managers\ParticleManager</Filter>
    </ClCompile>
    <ClCompile Include="Engine\Renderer\PointLight.cpp">
      <Filter>Engine\Renderer\Light\PointLight</Filter>
    </ClCompile>
    <ClCompile Include="Engine\Renderer\SpotLight.cpp">
      <Filter>Engine\Renderer\Light\SpotLight</Filter>
    </ClCompile>
    <ClCompile Include="Managers\LightManager.cpp">
      <Filter>Managers\LightManager</Filter>
    </ClCompile>
    <ClCompile Include="Player.cpp">
      <Filter>ソース ファイル\Player</Filter>
    </ClCompile>
    <ClCompile Include="Ground.cpp">
      <Filter>ソース ファイル\Ground</Filter>
    </ClCompile>
    <ClCompile Include="FollowCamera.cpp">
      <Filter>ソース ファイル\FollowedCamera</Filter>
    </ClCompile>
    <ClCompile Include="BaseCharacter.cpp">
      <Filter>ソース ファイル\BaseCharacter</Filter>
    </ClCompile>
    <ClCompile Include="Enemy.cpp">
      <Filter>ソース ファイル\Enemy</Filter>
    </ClCompile>
    <ClCompile Include="LockOn.cpp">
      <Filter>ソース ファイル\LockOn</Filter>
    </ClCompile>
    <ClCompile Include="Hammer.cpp">
      <Filter>ソース ファイル\HammerOfJustice</Filter>
    </ClCompile>
    <ClCompile Include="ContactRecord.cpp">
      <Filter>ソース ファイル\ContactRecord</Filter>
    </ClCompile>
  </ItemGroup>
  <ItemGroup>
    <ClInclude Include="externals\imgui\imconfig.h">
      <Filter>Engine\SystemFile\imgui</Filter>
    </ClInclude>
    <ClInclude Include="externals\imgui\imgui.h">
      <Filter>Engine\SystemFile\imgui</Filter>
    </ClInclude>
    <ClInclude Include="externals\imgui\imgui_impl_dx12.h">
      <Filter>Engine\SystemFile\imgui</Filter>
    </ClInclude>
    <ClInclude Include="externals\imgui\imgui_impl_win32.h">
      <Filter>Engine\SystemFile\imgui</Filter>
    </ClInclude>
    <ClInclude Include="externals\imgui\imgui_internal.h">
      <Filter>Engine\SystemFile\imgui</Filter>
    </ClInclude>
    <ClInclude Include="externals\imgui\imstb_rectpack.h">
      <Filter>Engine\SystemFile\imgui</Filter>
    </ClInclude>
    <ClInclude Include="externals\imgui\imstb_textedit.h">
      <Filter>Engine\SystemFile\imgui</Filter>
    </ClInclude>
    <ClInclude Include="externals\imgui\imstb_truetype.h">
      <Filter>Engine\SystemFile\imgui</Filter>
    </ClInclude>
    <ClInclude Include="Environment.h">
      <Filter>Environment</Filter>
    </ClInclude>
    <ClInclude Include="Engine\Math\Matrix4x4.h">
      <Filter>Engine\Math\Matrix</Filter>
    </ClInclude>
    <ClInclude Include="Engine\Math\Transform.h">
      <Filter>Engine\Math\Transform</Filter>
    </ClInclude>
    <ClInclude Include="Engine\Math\Vector2.h">
      <Filter>Engine\Math\Vector</Filter>
    </ClInclude>
    <ClInclude Include="Engine\Math\Vector3.h">
      <Filter>Engine\Math\Vector</Filter>
    </ClInclude>
    <ClInclude Include="Engine\Math\Vector4.h">
      <Filter>Engine\Math\Vector</Filter>
    </ClInclude>
    <ClInclude Include="Engine\Math\Vertex.h">
      <Filter>Engine\Math\Vertex</Filter>
    </ClInclude>
    <ClInclude Include="Engine\Renderer\Camera.h">
      <Filter>Engine\Renderer\Camera</Filter>
    </ClInclude>
    <ClInclude Include="Engine\Renderer\DirectionalLight.h">
      <Filter>Engine\Renderer\Light\DirectionalLight</Filter>
    </ClInclude>
    <ClInclude Include="Engine\Renderer\Material.h">
      <Filter>Engine\Renderer\Material</Filter>
    </ClInclude>
    <ClInclude Include="Engine\Renderer\ModelData.h">
      <Filter>Engine\Renderer\ModelData</Filter>
    </ClInclude>
    <ClInclude Include="Engine\Renderer\Renderer.h">
      <Filter>Engine\Renderer</Filter>
    </ClInclude>
    <ClInclude Include="Engine\Math\Math.h">
      <Filter>Engine\Math</Filter>
    </ClInclude>
    <ClInclude Include="Engine\SystemFile\Convert.h">
      <Filter>Engine\SystemFile\Convert</Filter>
    </ClInclude>
    <ClInclude Include="Engine\SystemFile\GameSystem.h">
      <Filter>Engine\SystemFile\GameSystem</Filter>
    </ClInclude>
    <ClInclude Include="Engine\SystemFile\ImGui.h">
      <Filter>Engine\SystemFile\imgui\ImGuiLibrary</Filter>
    </ClInclude>
    <ClInclude Include="Managers\InputManager.h">
      <Filter>Managers\InputManager</Filter>
    </ClInclude>
    <ClInclude Include="Managers\ModelManager.h">
      <Filter>Managers\ModelManager</Filter>
    </ClInclude>
    <ClInclude Include="Managers\SceneManager.h">
      <Filter>Managers\SceneManager</Filter>
    </ClInclude>
    <ClInclude Include="Managers\SoundManager.h">
      <Filter>Managers\SoundManager</Filter>
    </ClInclude>
    <ClInclude Include="Managers\TextureManager.h">
      <Filter>Managers\TextureManager</Filter>
    </ClInclude>
    <ClInclude Include="Satlib.h">
      <Filter>Environment</Filter>
    </ClInclude>
    <ClInclude Include="Scene\GameScene.h">
      <Filter>Scene\GameScene</Filter>
    </ClInclude>
    <ClInclude Include="Scene\IScene.h">
      <Filter>Scene</Filter>
    </ClInclude>
    <ClInclude Include="Engine\Math\Random.h">
      <Filter>Engine\Math\Random</Filter>
    </ClInclude>
    <ClInclude Include="Engine\Math\Easing.h">
      <Filter>Engine\Math\Easing</Filter>
    </ClInclude>
    <ClInclude Include="Engine\SystemFile\DeltaTime.h">
      <Filter>Engine\SystemFile\DeltaTime</Filter>
    </ClInclude>
    <ClInclude Include="Engine\Math\Beats.h">
      <Filter>Engine\Math\Beats</Filter>
    </ClInclude>
    <ClInclude Include="Engine\Math\Collision.h">
      <Filter>Engine\Math\Collision</Filter>
    </ClInclude>
    <ClInclude Include="Engine\Math\Shape.h">
      <Filter>Engine\Math\Shape</Filter>
    </ClInclude>
    <ClInclude Include="Engine\SystemFile\GlobalVariables.h">
      <Filter>Engine\SystemFile\GlobalVariables</Filter>
    </ClInclude>
    <ClInclude Include="Engine\SystemFile\Debug.h">
      <Filter>Engine\SystemFile\Debug</Filter>
    </ClInclude>
    <ClInclude Include="Scene\TitleScene.h">
      <Filter>Scene\TitleScene</Filter>
    </ClInclude>
    <ClInclude Include="Engine\Math\TimedCall.h">
      <Filter>Engine\Math\TimedCall</Filter>
    </ClInclude>
    <ClInclude Include="Engine\Math\Collider.h">
      <Filter>Engine\Math\Collider</Filter>
    </ClInclude>
    <ClInclude Include="Engine\Math\CollisionConfig.h">
      <Filter>Engine\Math\Collider</Filter>
    </ClInclude>
    <ClInclude Include="Managers\CollisionManager.h">
      <Filter>Managers\CollisionManager</Filter>
    </ClInclude>
    <ClInclude Include="Skydome.h">
      <Filter>ソース ファイル\Skydome</Filter>
    </ClInclude>
    <ClInclude Include="Engine\Renderer\Particles.h">
      <Filter>Engine\Renderer\Particle</Filter>
    </ClInclude>
    <ClInclude Include="Engine\Math\Field.h">
      <Filter>Engine\Math\Field</Filter>
    </ClInclude>
    <ClInclude Include="Managers\ParticleManager.h">
      <Filter>Managers\ParticleManager</Filter>
    </ClInclude>
    <ClInclude Include="Engine\Renderer\PointLight.h">
      <Filter>Engine\Renderer\Light\PointLight</Filter>
    </ClInclude>
    <ClInclude Include="Engine\Renderer\SpotLight.h">
      <Filter>Engine\Renderer\Light\SpotLight</Filter>
    </ClInclude>
    <ClInclude Include="Managers\LightManager.h">
      <Filter>Managers\LightManager</Filter>
    </ClInclude>
    <ClInclude Include="Player.h">
      <Filter>ソース ファイル\Player</Filter>
    </ClInclude>
    <ClInclude Include="Ground.h">
      <Filter>ソース ファイル\Ground</Filter>
    </ClInclude>
    <ClInclude Include="FollowCamera.h">
      <Filter>ソース ファイル\FollowedCamera</Filter>
    </ClInclude>
    <ClInclude Include="BaseCharacter.h">
      <Filter>ソース ファイル\BaseCharacter</Filter>
    </ClInclude>
    <ClInclude Include="Enemy.h">
      <Filter>ソース ファイル\Enemy</Filter>
    </ClInclude>
    <ClInclude Include="LockOn.h">
      <Filter>ソース ファイル\LockOn</Filter>
    </ClInclude>
    <ClInclude Include="Hammer.h">
      <Filter>ソース ファイル\HammerOfJustice</Filter>
    </ClInclude>
    <ClInclude Include="ContactRecord.h">
      <Filter>ソース ファイル\ContactRecord</Filter>
    </ClInclude>
  </ItemGroup>
  <ItemGroup>
    <None Include="hlsl\Object3d.hlsli">
      <Filter>hlsl</Filter>
    </None>
    <None Include="hlsl\Particle.hlsli">
      <Filter>hlsl</Filter>
    </None>
  </ItemGroup>
  <ItemGroup>
    <FxCompile Include="hlsl\Object3d.PS.hlsl">
      <Filter>hlsl</Filter>
    </FxCompile>
    <FxCompile Include="hlsl\Object3d.VS.hlsl">
      <Filter>hlsl</Filter>
    </FxCompile>
    <FxCompile Include="hlsl\Particle.VS.hlsl">
      <Filter>hlsl</Filter>
    </FxCompile>
    <FxCompile Include="hlsl\Particle.PS.hlsl">
      <Filter>hlsl</Filter>
    </FxCompile>
  </ItemGroup>
</Project>